
Microsoft Visual Studio Solution File, Format Version 12.00
# Visual Studio Version 17
VisualStudioVersion = 17.14.36202.13 d17.14
MinimumVisualStudioVersion = 10.0.40219.1
Project("{FAE04EC0-301F-11D3-BF4B-00C04F79EFBC}") = "AuctionSystem.Domain", "AuctionSystem.Domain\AuctionSystem.Domain.csproj", "{C5FC127F-06C0-4528-B7BE-3F21C29F01A4}"
EndProject
Project("{2150E333-8FDC-42A3-9474-1A3956D46DE8}") = "src", "src", "{36D591C7-65C7-A0D1-1CBC-10CDE441BDC8}"
EndProject
Project("{2150E333-8FDC-42A3-9474-1A3956D46DE8}") = "test", "test", "{1B45E770-E188-438E-893C-D3DB544BDA1E}"
EndProject
Project("{FAE04EC0-301F-11D3-BF4B-00C04F79EFBC}") = "AuctionSystem.Domain.Tests", "AuctionSystem.Domain.Tests\AuctionSystem.Domain.Tests.csproj", "{1034E4DC-18DD-4E77-A802-F096FFD22596}"
EndProject
Global
	GlobalSection(SolutionConfigurationPlatforms) = preSolution
		Debug|Any CPU = Debug|Any CPU
		Release|Any CPU = Release|Any CPU
	EndGlobalSection
	GlobalSection(ProjectConfigurationPlatforms) = postSolution
		{C5FC127F-06C0-4528-B7BE-3F21C29F01A4}.Debug|Any CPU.ActiveCfg = Debug|Any CPU
		{C5FC127F-06C0-4528-B7BE-3F21C29F01A4}.Debug|Any CPU.Build.0 = Debug|Any CPU
		{C5FC127F-06C0-4528-B7BE-3F21C29F01A4}.Release|Any CPU.ActiveCfg = Release|Any CPU
		{C5FC127F-06C0-4528-B7BE-3F21C29F01A4}.Release|Any CPU.Build.0 = Release|Any CPU
		{1034E4DC-18DD-4E77-A802-F096FFD22596}.Debug|Any CPU.ActiveCfg = Debug|Any CPU
		{1034E4DC-18DD-4E77-A802-F096FFD22596}.Debug|Any CPU.Build.0 = Debug|Any CPU
		{1034E4DC-18DD-4E77-A802-F096FFD22596}.Release|Any CPU.ActiveCfg = Release|Any CPU
		{1034E4DC-18DD-4E77-A802-F096FFD22596}.Release|Any CPU.Build.0 = Release|Any CPU
	EndGlobalSection
	GlobalSection(SolutionProperties) = preSolution
		HideSolutionNode = FALSE
	EndGlobalSection
	GlobalSection(NestedProjects) = preSolution
		{C5FC127F-06C0-4528-B7BE-3F21C29F01A4} = {36D591C7-65C7-A0D1-1CBC-10CDE441BDC8}
		{1034E4DC-18DD-4E77-A802-F096FFD22596} = {1B45E770-E188-438E-893C-D3DB544BDA1E}
	EndGlobalSection
	GlobalSection(ExtensibilityGlobals) = postSolution
		SolutionGuid = {CFC2E629-0DFC-4057-A462-CCC8AA55079A}
	EndGlobalSection
EndGlobal
//Zinger1633
 
